
Microsoft Visual Studio Solution File, Format Version 10.00
# Visual Studio 2008
Project("{FAE04EC0-301F-11D3-BF4B-00C04F79EFBC}") = "IDx3DSharp.Core", "IDx3DSharp.Core\IDx3DSharp.Core.csproj", "{AA44BECF-D71A-4FA6-9765-5AA76B79C55E}"
EndProject
Project("{FAE04EC0-301F-11D3-BF4B-00C04F79EFBC}") = "IDx3DSharp.DemoApp", "IDx3DSharp.DemoApp\IDx3DSharp.DemoApp.csproj", "{B141B588-9C11-47EF-89EF-CBBFDAB76A85}"
EndProject
Global
	GlobalSection(SolutionConfigurationPlatforms) = preSolution
		Debug|Any CPU = Debug|Any CPU
		Release|Any CPU = Release|Any CPU
	EndGlobalSection
	GlobalSection(ProjectConfigurationPlatforms) = postSolution
		{AA44BECF-D71A-4FA6-9765-5AA76B79C55E}.Debug|Any CPU.ActiveCfg = Debug|Any CPU
		{AA44BECF-D71A-4FA6-9765-5AA76B79C55E}.Debug|Any CPU.Build.0 = Debug|Any CPU
		{AA44BECF-D71A-4FA6-9765-5AA76B79C55E}.Release|Any CPU.ActiveCfg = Release|Any CPU
		{AA44BECF-D71A-4FA6-9765-5AA76B79C55E}.Release|Any CPU.Build.0 = Release|Any CPU
		{B141B588-9C11-47EF-89EF-CBBFDAB76A85}.Debug|Any CPU.ActiveCfg = Debug|Any CPU
		{B141B588-9C11-47EF-89EF-CBBFDAB76A85}.Debug|Any CPU.Build.0 = Debug|Any CPU
		{B141B588-9C11-47EF-89EF-CBBFDAB76A85}.Release|Any CPU.ActiveCfg = Release|Any CPU
		{B141B588-9C11-47EF-89EF-CBBFDAB76A85}.Release|Any CPU.Build.0 = Release|Any CPU
	EndGlobalSection
	GlobalSection(SolutionProperties) = preSolution
		HideSolutionNode = FALSE
	EndGlobalSection
EndGlobal
